
Microsoft Visual Studio Solution File, Format Version 12.00
# Visual Studio Version 16
VisualStudioVersion = 16.0.30804.86
MinimumVisualStudioVersion = 10.0.40219.1
Project("{9A19103F-16F7-4668-BE54-9A1E7A4F7556}") = "WaterProject", "WaterProject.csproj", "{13FAB586-54C4-4834-B762-F943079D5D7F}"
EndProject
Global
	GlobalSection(SolutionConfigurationPlatforms) = preSolution
		Debug|Any CPU = Debug|Any CPU
		Release|Any CPU = Release|Any CPU
	EndGlobalSection
	GlobalSection(ProjectConfigurationPlatforms) = postSolution
		{13FAB586-54C4-4834-B762-F943079D5D7F}.Debug|Any CPU.ActiveCfg = Debug|Any CPU
		{13FAB586-54C4-4834-B762-F943079D5D7F}.Debug|Any CPU.Build.0 = Debug|Any CPU
		{13FAB586-54C4-4834-B762-F943079D5D7F}.Release|Any CPU.ActiveCfg = Release|Any CPU
		{13FAB586-54C4-4834-B762-F943079D5D7F}.Release|Any CPU.Build.0 = Release|Any CPU
	EndGlobalSection
	GlobalSection(SolutionProperties) = preSolution
		HideSolutionNode = FALSE
	EndGlobalSection
	GlobalSection(ExtensibilityGlobals) = postSolution
		SolutionGuid = {82EE5B10-A085-4574-9115-5EC1B2621ADF}
	EndGlobalSection
EndGlobal
